
Microsoft Visual Studio Solution File, Format Version 12.00
# Visual Studio Version 16
VisualStudioVersion = 16.0.30413.136
MinimumVisualStudioVersion = 10.0.40219.1
Project("{FAE04EC0-301F-11D3-BF4B-00C04F79EFBC}") = "Bilcoin", "Bilcoin\Bilcoin.csproj", "{1D685725-7999-49F0-92F0-6907D963D213}"
EndProject
Global
	GlobalSection(SolutionConfigurationPlatforms) = preSolution
		Debug|Any CPU = Debug|Any CPU
		Release|Any CPU = Release|Any CPU
	EndGlobalSection
	GlobalSection(ProjectConfigurationPlatforms) = postSolution
		{1D685725-7999-49F0-92F0-6907D963D213}.Debug|Any CPU.ActiveCfg = Debug|Any CPU
		{1D685725-7999-49F0-92F0-6907D963D213}.Debug|Any CPU.Build.0 = Debug|Any CPU
		{1D685725-7999-49F0-92F0-6907D963D213}.Release|Any CPU.ActiveCfg = Debug|Any CPU
		{1D685725-7999-49F0-92F0-6907D963D213}.Release|Any CPU.Build.0 = Debug|Any CPU
	EndGlobalSection
	GlobalSection(SolutionProperties) = preSolution
		HideSolutionNode = FALSE
	EndGlobalSection
	GlobalSection(ExtensibilityGlobals) = postSolution
		SolutionGuid = {B5EBF29E-E3FA-4C34-BAC7-CA2E52DB264D}
	EndGlobalSection
EndGlobal
